
Microsoft Visual Studio Solution File, Format Version 12.00
# Visual Studio Version 17
VisualStudioVersion = 17.8.34330.188
MinimumVisualStudioVersion = 10.0.40219.1
Project("{2150E333-8FDC-42A3-9474-1A3956D46DE8}") = "GenericProps", "GenericProps", "{A85B93DE-0F0E-4CD5-B735-01D6D2CF2499}"
EndProject
Project("{2150E333-8FDC-42A3-9474-1A3956D46DE8}") = "RunGeneratorPowershellOnceDBChanges", "RunGeneratorPowershellOnceDBChanges", "{BA6A5237-D9BB-47F9-917F-5B26DF19F620}"
EndProject
Project("{FAE04EC0-301F-11D3-BF4B-00C04F79EFBC}") = "MSPC_CRUD20231225.GeneratorPowershell", "MSPC_CRUD20231225\MSPC_CRUD20231225.GeneratorPowershell\MSPC_CRUD20231225.GeneratorPowershell.csproj", "{A8179B53-F592-4BAC-ADF5-AF57149C2ADC}"
EndProject
Project("{FAE04EC0-301F-11D3-BF4B-00C04F79EFBC}") = "MSPC_CRUD20231225.GeneratorCRA", "MSPC_CRUD20231225\MSPC_CRUD20231225.GeneratorCRA\MSPC_CRUD20231225.GeneratorCRA.csproj", "{3F4D812B-92C1-4F99-AC29-27B45C02C27B}"
EndProject
Project("{2150E333-8FDC-42A3-9474-1A3956D46DE8}") = "GeneratedProjects", "GeneratedProjects", "{E48E299F-C140-47FD-BB55-24E4349347E0}"
EndProject
Project("{FAE04EC0-301F-11D3-BF4B-00C04F79EFBC}") = "MSPC_CRUD20231225.GeneratorFromDB", "MSPC_CRUD20231225\MSPC_CRUD20231225.GeneratorFromDB\MSPC_CRUD20231225.GeneratorFromDB.csproj", "{02CAE8F1-E7B7-4E4E-B4DC-22D989A5C419}"
EndProject
Project("{FAE04EC0-301F-11D3-BF4B-00C04F79EFBC}") = "MSPC_CRUD20231225.Models", "MSPC_CRUD20231225\MSPC_CRUD20231225.Models\MSPC_CRUD20231225.Models.csproj", "{11D5C037-9D59-4BD1-BC6F-DE7502F7180B}"
EndProject
Project("{FAE04EC0-301F-11D3-BF4B-00C04F79EFBC}") = "MSPC_CRUD20231225.Context", "MSPC_CRUD20231225\MSPC_CRUD20231225.Context\MSPC_CRUD20231225.Context.csproj", "{A071126C-3921-49B4-A50D-2811BED9CC20}"
EndProject
Project("{FAE04EC0-301F-11D3-BF4B-00C04F79EFBC}") = "MSPC_CRUD20231225.Controllers", "MSPC_CRUD20231225\MSPC_CRUD20231225.Controllers\MSPC_CRUD20231225.Controllers.csproj", "{2992C50C-8A77-4BF0-90E7-5A63109571FA}"
EndProject
Project("{FAE04EC0-301F-11D3-BF4B-00C04F79EFBC}") = "MSPC_CRUD20231225.Blazor", "MSPC_CRUD20231225\MSPC_CRUD20231225.Blazor\MSPC_CRUD20231225.Blazor.csproj", "{CA4CA456-EACA-40AA-9A8B-84F2D2596C6C}"
EndProject
Project("{FAE04EC0-301F-11D3-BF4B-00C04F79EFBC}") = "MSPC_CRUD20231225.WebAPI", "MSPC_CRUD20231225\MSPC_CRUD20231225.WebAPI\MSPC_CRUD20231225.WebAPI.csproj", "{4D11A576-E6BF-4AD6-89D9-A051A46D3217}"
EndProject
Project("{FAE04EC0-301F-11D3-BF4B-00C04F79EFBC}") = "DB2GUI.ServiceDefaults", "MSPC_CRUD20231225\DB2GUI.ServiceDefaults\DB2GUI.ServiceDefaults.csproj", "{3C45BCD6-8F71-42C8-B187-AC41C09A1253}"
EndProject
Global
	GlobalSection(SolutionConfigurationPlatforms) = preSolution
		Debug|Any CPU = Debug|Any CPU
		Release|Any CPU = Release|Any CPU
	EndGlobalSection
	GlobalSection(ProjectConfigurationPlatforms) = postSolution
		{A8179B53-F592-4BAC-ADF5-AF57149C2ADC}.Debug|Any CPU.ActiveCfg = Debug|Any CPU
		{A8179B53-F592-4BAC-ADF5-AF57149C2ADC}.Debug|Any CPU.Build.0 = Debug|Any CPU
		{A8179B53-F592-4BAC-ADF5-AF57149C2ADC}.Release|Any CPU.ActiveCfg = Release|Any CPU
		{A8179B53-F592-4BAC-ADF5-AF57149C2ADC}.Release|Any CPU.Build.0 = Release|Any CPU
		{3F4D812B-92C1-4F99-AC29-27B45C02C27B}.Debug|Any CPU.ActiveCfg = Debug|Any CPU
		{3F4D812B-92C1-4F99-AC29-27B45C02C27B}.Debug|Any CPU.Build.0 = Debug|Any CPU
		{3F4D812B-92C1-4F99-AC29-27B45C02C27B}.Release|Any CPU.ActiveCfg = Release|Any CPU
		{3F4D812B-92C1-4F99-AC29-27B45C02C27B}.Release|Any CPU.Build.0 = Release|Any CPU
		{02CAE8F1-E7B7-4E4E-B4DC-22D989A5C419}.Debug|Any CPU.ActiveCfg = Debug|Any CPU
		{02CAE8F1-E7B7-4E4E-B4DC-22D989A5C419}.Debug|Any CPU.Build.0 = Debug|Any CPU
		{02CAE8F1-E7B7-4E4E-B4DC-22D989A5C419}.Release|Any CPU.ActiveCfg = Release|Any CPU
		{02CAE8F1-E7B7-4E4E-B4DC-22D989A5C419}.Release|Any CPU.Build.0 = Release|Any CPU
		{11D5C037-9D59-4BD1-BC6F-DE7502F7180B}.Debug|Any CPU.ActiveCfg = Debug|Any CPU
		{11D5C037-9D59-4BD1-BC6F-DE7502F7180B}.Debug|Any CPU.Build.0 = Debug|Any CPU
		{11D5C037-9D59-4BD1-BC6F-DE7502F7180B}.Release|Any CPU.ActiveCfg = Release|Any CPU
		{11D5C037-9D59-4BD1-BC6F-DE7502F7180B}.Release|Any CPU.Build.0 = Release|Any CPU
		{A071126C-3921-49B4-A50D-2811BED9CC20}.Debug|Any CPU.ActiveCfg = Debug|Any CPU
		{A071126C-3921-49B4-A50D-2811BED9CC20}.Debug|Any CPU.Build.0 = Debug|Any CPU
		{A071126C-3921-49B4-A50D-2811BED9CC20}.Release|Any CPU.ActiveCfg = Release|Any CPU
		{A071126C-3921-49B4-A50D-2811BED9CC20}.Release|Any CPU.Build.0 = Release|Any CPU
		{2992C50C-8A77-4BF0-90E7-5A63109571FA}.Debug|Any CPU.ActiveCfg = Debug|Any CPU
		{2992C50C-8A77-4BF0-90E7-5A63109571FA}.Debug|Any CPU.Build.0 = Debug|Any CPU
		{2992C50C-8A77-4BF0-90E7-5A63109571FA}.Release|Any CPU.ActiveCfg = Release|Any CPU
		{2992C50C-8A77-4BF0-90E7-5A63109571FA}.Release|Any CPU.Build.0 = Release|Any CPU
		{CA4CA456-EACA-40AA-9A8B-84F2D2596C6C}.Debug|Any CPU.ActiveCfg = Debug|Any CPU
		{CA4CA456-EACA-40AA-9A8B-84F2D2596C6C}.Debug|Any CPU.Build.0 = Debug|Any CPU
		{CA4CA456-EACA-40AA-9A8B-84F2D2596C6C}.Release|Any CPU.ActiveCfg = Release|Any CPU
		{CA4CA456-EACA-40AA-9A8B-84F2D2596C6C}.Release|Any CPU.Build.0 = Release|Any CPU
		{4D11A576-E6BF-4AD6-89D9-A051A46D3217}.Debug|Any CPU.ActiveCfg = Debug|Any CPU
		{4D11A576-E6BF-4AD6-89D9-A051A46D3217}.Debug|Any CPU.Build.0 = Debug|Any CPU
		{4D11A576-E6BF-4AD6-89D9-A051A46D3217}.Release|Any CPU.ActiveCfg = Release|Any CPU
		{4D11A576-E6BF-4AD6-89D9-A051A46D3217}.Release|Any CPU.Build.0 = Release|Any CPU
		{3C45BCD6-8F71-42C8-B187-AC41C09A1253}.Debug|Any CPU.ActiveCfg = Debug|Any CPU
		{3C45BCD6-8F71-42C8-B187-AC41C09A1253}.Debug|Any CPU.Build.0 = Debug|Any CPU
		{3C45BCD6-8F71-42C8-B187-AC41C09A1253}.Release|Any CPU.ActiveCfg = Release|Any CPU
		{3C45BCD6-8F71-42C8-B187-AC41C09A1253}.Release|Any CPU.Build.0 = Release|Any CPU
	EndGlobalSection
	GlobalSection(SolutionProperties) = preSolution
		HideSolutionNode = FALSE
	EndGlobalSection
	GlobalSection(NestedProjects) = preSolution
		{A8179B53-F592-4BAC-ADF5-AF57149C2ADC} = {BA6A5237-D9BB-47F9-917F-5B26DF19F620}
		{3F4D812B-92C1-4F99-AC29-27B45C02C27B} = {BA6A5237-D9BB-47F9-917F-5B26DF19F620}
		{02CAE8F1-E7B7-4E4E-B4DC-22D989A5C419} = {E48E299F-C140-47FD-BB55-24E4349347E0}
		{11D5C037-9D59-4BD1-BC6F-DE7502F7180B} = {E48E299F-C140-47FD-BB55-24E4349347E0}
		{A071126C-3921-49B4-A50D-2811BED9CC20} = {E48E299F-C140-47FD-BB55-24E4349347E0}
		{2992C50C-8A77-4BF0-90E7-5A63109571FA} = {E48E299F-C140-47FD-BB55-24E4349347E0}
		{CA4CA456-EACA-40AA-9A8B-84F2D2596C6C} = {E48E299F-C140-47FD-BB55-24E4349347E0}
	EndGlobalSection
	GlobalSection(ExtensibilityGlobals) = postSolution
		SolutionGuid = {259741CF-3F28-46D5-96E7-384066D60CC3}
	EndGlobalSection
EndGlobal
