
Microsoft Visual Studio Solution File, Format Version 12.00
# Visual Studio Version 17
VisualStudioVersion = 17.1.32407.343
MinimumVisualStudioVersion = 10.0.40219.1
Project("{9A19103F-16F7-4668-BE54-9A1E7A4F7556}") = "MicroservicesPortChooserBL", "MicroservicesPortChooserBL\MicroservicesPortChooserBL.csproj", "{41F7AB1E-2A47-4D89-B90C-6EBD5C46C27D}"
EndProject
Project("{9A19103F-16F7-4668-BE54-9A1E7A4F7556}") = "MicroservicesPortChooserWeb", "MicroservicesPortChooserWeb\MicroservicesPortChooserWeb.csproj", "{FC7132E4-F425-4477-96D9-BF98CAFBFD77}"
EndProject
Project("{9A19103F-16F7-4668-BE54-9A1E7A4F7556}") = "MSPCWebExtension", "MSPCWebExtension\MSPCWebExtension.csproj", "{37A534A8-6851-4304-A5B6-2EFD9FCA4C5A}"
EndProject
Project("{9A19103F-16F7-4668-BE54-9A1E7A4F7556}") = "MSPC_Interfaces", "MSPC_Interfaces\MSPC_Interfaces.csproj", "{1987B4D8-E8DC-4467-9B5C-C8E001290395}"
EndProject
Project("{9A19103F-16F7-4668-BE54-9A1E7A4F7556}") = "MSPC_DAL", "MSPC_DAL\MSPC_DAL.csproj", "{A38964F5-3FFE-4D5B-98B9-5D30408ED303}"
EndProject
Project("{2150E333-8FDC-42A3-9474-1A3956D46DE8}") = "Generator", "Generator", "{D3448E2D-3F37-4A8A-BD91-01F6A2853186}"
EndProject
Project("{9A19103F-16F7-4668-BE54-9A1E7A4F7556}") = "MSPC_CRUD20231225.Models", "Generator\MSPC_CRUD20231225\MSPC_CRUD20231225\MSPC_CRUD20231225.Models\MSPC_CRUD20231225.Models.csproj", "{29F3CFB5-9FCF-4E07-A0EC-45446D5F95AA}"
EndProject
Project("{9A19103F-16F7-4668-BE54-9A1E7A4F7556}") = "MSPC_CRUD20231225.Context", "Generator\MSPC_CRUD20231225\MSPC_CRUD20231225\MSPC_CRUD20231225.Context\MSPC_CRUD20231225.Context.csproj", "{B0D6053C-3698-4004-BD33-DD30C84BA139}"
EndProject
Project("{9A19103F-16F7-4668-BE54-9A1E7A4F7556}") = "MSPCTest", "MSPCTest\MSPCTest.csproj", "{1E4BCF2A-FBA8-4591-BBD5-5949A9185ABB}"
EndProject
Project("{9A19103F-16F7-4668-BE54-9A1E7A4F7556}") = "MSPC_CRUD20231225.Controllers", "Generator\MSPC_CRUD20231225\MSPC_CRUD20231225\MSPC_CRUD20231225.Controllers\MSPC_CRUD20231225.Controllers.csproj", "{DB653D34-AEDF-40FC-A4B4-C4356CBEF7E4}"
EndProject
Project("{9A19103F-16F7-4668-BE54-9A1E7A4F7556}") = "MSPC_CRUD20231225.Blazor", "Generator\MSPC_CRUD20231225\MSPC_CRUD20231225\MSPC_CRUD20231225.Blazor\MSPC_CRUD20231225.Blazor.csproj", "{B7F0DB2B-F31E-41AB-ABA2-3B08086CC3D4}"
EndProject
Global
	GlobalSection(SolutionConfigurationPlatforms) = preSolution
		Debug|Any CPU = Debug|Any CPU
		Release|Any CPU = Release|Any CPU
	EndGlobalSection
	GlobalSection(ProjectConfigurationPlatforms) = postSolution
		{41F7AB1E-2A47-4D89-B90C-6EBD5C46C27D}.Debug|Any CPU.ActiveCfg = Debug|Any CPU
		{41F7AB1E-2A47-4D89-B90C-6EBD5C46C27D}.Debug|Any CPU.Build.0 = Debug|Any CPU
		{41F7AB1E-2A47-4D89-B90C-6EBD5C46C27D}.Release|Any CPU.ActiveCfg = Release|Any CPU
		{41F7AB1E-2A47-4D89-B90C-6EBD5C46C27D}.Release|Any CPU.Build.0 = Release|Any CPU
		{FC7132E4-F425-4477-96D9-BF98CAFBFD77}.Debug|Any CPU.ActiveCfg = Debug|Any CPU
		{FC7132E4-F425-4477-96D9-BF98CAFBFD77}.Debug|Any CPU.Build.0 = Debug|Any CPU
		{FC7132E4-F425-4477-96D9-BF98CAFBFD77}.Release|Any CPU.ActiveCfg = Release|Any CPU
		{FC7132E4-F425-4477-96D9-BF98CAFBFD77}.Release|Any CPU.Build.0 = Release|Any CPU
		{37A534A8-6851-4304-A5B6-2EFD9FCA4C5A}.Debug|Any CPU.ActiveCfg = Debug|Any CPU
		{37A534A8-6851-4304-A5B6-2EFD9FCA4C5A}.Debug|Any CPU.Build.0 = Debug|Any CPU
		{37A534A8-6851-4304-A5B6-2EFD9FCA4C5A}.Release|Any CPU.ActiveCfg = Release|Any CPU
		{37A534A8-6851-4304-A5B6-2EFD9FCA4C5A}.Release|Any CPU.Build.0 = Release|Any CPU
		{1987B4D8-E8DC-4467-9B5C-C8E001290395}.Debug|Any CPU.ActiveCfg = Debug|Any CPU
		{1987B4D8-E8DC-4467-9B5C-C8E001290395}.Debug|Any CPU.Build.0 = Debug|Any CPU
		{1987B4D8-E8DC-4467-9B5C-C8E001290395}.Release|Any CPU.ActiveCfg = Release|Any CPU
		{1987B4D8-E8DC-4467-9B5C-C8E001290395}.Release|Any CPU.Build.0 = Release|Any CPU
		{A38964F5-3FFE-4D5B-98B9-5D30408ED303}.Debug|Any CPU.ActiveCfg = Debug|Any CPU
		{A38964F5-3FFE-4D5B-98B9-5D30408ED303}.Debug|Any CPU.Build.0 = Debug|Any CPU
		{A38964F5-3FFE-4D5B-98B9-5D30408ED303}.Release|Any CPU.ActiveCfg = Release|Any CPU
		{A38964F5-3FFE-4D5B-98B9-5D30408ED303}.Release|Any CPU.Build.0 = Release|Any CPU
		{29F3CFB5-9FCF-4E07-A0EC-45446D5F95AA}.Debug|Any CPU.ActiveCfg = Debug|Any CPU
		{29F3CFB5-9FCF-4E07-A0EC-45446D5F95AA}.Debug|Any CPU.Build.0 = Debug|Any CPU
		{29F3CFB5-9FCF-4E07-A0EC-45446D5F95AA}.Release|Any CPU.ActiveCfg = Release|Any CPU
		{29F3CFB5-9FCF-4E07-A0EC-45446D5F95AA}.Release|Any CPU.Build.0 = Release|Any CPU
		{B0D6053C-3698-4004-BD33-DD30C84BA139}.Debug|Any CPU.ActiveCfg = Debug|Any CPU
		{B0D6053C-3698-4004-BD33-DD30C84BA139}.Debug|Any CPU.Build.0 = Debug|Any CPU
		{B0D6053C-3698-4004-BD33-DD30C84BA139}.Release|Any CPU.ActiveCfg = Release|Any CPU
		{B0D6053C-3698-4004-BD33-DD30C84BA139}.Release|Any CPU.Build.0 = Release|Any CPU
		{1E4BCF2A-FBA8-4591-BBD5-5949A9185ABB}.Debug|Any CPU.ActiveCfg = Debug|Any CPU
		{1E4BCF2A-FBA8-4591-BBD5-5949A9185ABB}.Debug|Any CPU.Build.0 = Debug|Any CPU
		{1E4BCF2A-FBA8-4591-BBD5-5949A9185ABB}.Release|Any CPU.ActiveCfg = Release|Any CPU
		{1E4BCF2A-FBA8-4591-BBD5-5949A9185ABB}.Release|Any CPU.Build.0 = Release|Any CPU
		{DB653D34-AEDF-40FC-A4B4-C4356CBEF7E4}.Debug|Any CPU.ActiveCfg = Debug|Any CPU
		{DB653D34-AEDF-40FC-A4B4-C4356CBEF7E4}.Debug|Any CPU.Build.0 = Debug|Any CPU
		{DB653D34-AEDF-40FC-A4B4-C4356CBEF7E4}.Release|Any CPU.ActiveCfg = Release|Any CPU
		{DB653D34-AEDF-40FC-A4B4-C4356CBEF7E4}.Release|Any CPU.Build.0 = Release|Any CPU
		{B7F0DB2B-F31E-41AB-ABA2-3B08086CC3D4}.Debug|Any CPU.ActiveCfg = Debug|Any CPU
		{B7F0DB2B-F31E-41AB-ABA2-3B08086CC3D4}.Debug|Any CPU.Build.0 = Debug|Any CPU
		{B7F0DB2B-F31E-41AB-ABA2-3B08086CC3D4}.Release|Any CPU.ActiveCfg = Release|Any CPU
		{B7F0DB2B-F31E-41AB-ABA2-3B08086CC3D4}.Release|Any CPU.Build.0 = Release|Any CPU
	EndGlobalSection
	GlobalSection(SolutionProperties) = preSolution
		HideSolutionNode = FALSE
	EndGlobalSection
	GlobalSection(NestedProjects) = preSolution
		{29F3CFB5-9FCF-4E07-A0EC-45446D5F95AA} = {D3448E2D-3F37-4A8A-BD91-01F6A2853186}
		{B0D6053C-3698-4004-BD33-DD30C84BA139} = {D3448E2D-3F37-4A8A-BD91-01F6A2853186}
		{DB653D34-AEDF-40FC-A4B4-C4356CBEF7E4} = {D3448E2D-3F37-4A8A-BD91-01F6A2853186}
		{B7F0DB2B-F31E-41AB-ABA2-3B08086CC3D4} = {D3448E2D-3F37-4A8A-BD91-01F6A2853186}
	EndGlobalSection
	GlobalSection(ExtensibilityGlobals) = postSolution
		SolutionGuid = {F04A6C2E-6125-42CB-9B3F-CEAA50B6FE75}
	EndGlobalSection
EndGlobal
