
Microsoft Visual Studio Solution File, Format Version 12.00
# Visual Studio Version 17
VisualStudioVersion = 17.1.32407.343
MinimumVisualStudioVersion = 10.0.40219.1
Project("{2150E333-8FDC-42A3-9474-1A3956D46DE8}") = "ReBuildOnceWhenDBChanges", "ReBuildOnceWhenDBChanges", "{2FB0B102-A432-4FD6-96D2-58E51DFEF5C8}"
EndProject
Project("{FAE04EC0-301F-11D3-BF4B-00C04F79EFBC}") = "MSPC_CRUD.GeneratorFromDB", "MSPC_CRUD\MSPC_CRUD.GeneratorFromDB\MSPC_CRUD.GeneratorFromDB.csproj", "{46DFF9B2-7797-44E3-9B8E-67490BF5EF26}"
EndProject
Project("{FAE04EC0-301F-11D3-BF4B-00C04F79EFBC}") = "MSPC_CRUD.Context", "MSPC_CRUD\MSPC_CRUD.Context\MSPC_CRUD.Context.csproj", "{59ED145E-15BF-4547-997C-A32C5D042A6D}"
EndProject
Project("{FAE04EC0-301F-11D3-BF4B-00C04F79EFBC}") = "MSPC_CRUD.Models", "MSPC_CRUD\MSPC_CRUD.Models\MSPC_CRUD.Models.csproj", "{A781056F-8010-4C64-9292-23DE30920A00}"
EndProject
Project("{FAE04EC0-301F-11D3-BF4B-00C04F79EFBC}") = "MSPC_CRUD.WebAPI", "MSPC_CRUD\MSPC_CRUD.WebAPI\MSPC_CRUD.WebAPI.csproj", "{2BCA3FF6-145C-4272-A490-DBD35BB689A4}"
EndProject
Global
	GlobalSection(SolutionConfigurationPlatforms) = preSolution
		Debug|Any CPU = Debug|Any CPU
		Release|Any CPU = Release|Any CPU
	EndGlobalSection
	GlobalSection(ProjectConfigurationPlatforms) = postSolution
		{46DFF9B2-7797-44E3-9B8E-67490BF5EF26}.Debug|Any CPU.ActiveCfg = Debug|Any CPU
		{46DFF9B2-7797-44E3-9B8E-67490BF5EF26}.Debug|Any CPU.Build.0 = Debug|Any CPU
		{46DFF9B2-7797-44E3-9B8E-67490BF5EF26}.Release|Any CPU.ActiveCfg = Release|Any CPU
		{46DFF9B2-7797-44E3-9B8E-67490BF5EF26}.Release|Any CPU.Build.0 = Release|Any CPU
		{59ED145E-15BF-4547-997C-A32C5D042A6D}.Debug|Any CPU.ActiveCfg = Debug|Any CPU
		{59ED145E-15BF-4547-997C-A32C5D042A6D}.Debug|Any CPU.Build.0 = Debug|Any CPU
		{59ED145E-15BF-4547-997C-A32C5D042A6D}.Release|Any CPU.ActiveCfg = Release|Any CPU
		{59ED145E-15BF-4547-997C-A32C5D042A6D}.Release|Any CPU.Build.0 = Release|Any CPU
		{A781056F-8010-4C64-9292-23DE30920A00}.Debug|Any CPU.ActiveCfg = Debug|Any CPU
		{A781056F-8010-4C64-9292-23DE30920A00}.Debug|Any CPU.Build.0 = Debug|Any CPU
		{A781056F-8010-4C64-9292-23DE30920A00}.Release|Any CPU.ActiveCfg = Release|Any CPU
		{A781056F-8010-4C64-9292-23DE30920A00}.Release|Any CPU.Build.0 = Release|Any CPU
		{2BCA3FF6-145C-4272-A490-DBD35BB689A4}.Debug|Any CPU.ActiveCfg = Debug|Any CPU
		{2BCA3FF6-145C-4272-A490-DBD35BB689A4}.Debug|Any CPU.Build.0 = Debug|Any CPU
		{2BCA3FF6-145C-4272-A490-DBD35BB689A4}.Release|Any CPU.ActiveCfg = Release|Any CPU
		{2BCA3FF6-145C-4272-A490-DBD35BB689A4}.Release|Any CPU.Build.0 = Release|Any CPU
	EndGlobalSection
	GlobalSection(SolutionProperties) = preSolution
		HideSolutionNode = FALSE
	EndGlobalSection
	GlobalSection(NestedProjects) = preSolution
		{46DFF9B2-7797-44E3-9B8E-67490BF5EF26} = {2FB0B102-A432-4FD6-96D2-58E51DFEF5C8}
	EndGlobalSection
	GlobalSection(ExtensibilityGlobals) = postSolution
		SolutionGuid = {1EBA8D4E-6C6B-4A49-872D-2432FC56716A}
	EndGlobalSection
EndGlobal
